
Microsoft Visual Studio Solution File, Format Version 12.00
# Visual Studio 14
VisualStudioVersion = 14.0.25420.1
MinimumVisualStudioVersion = 10.0.40219.1
Project("{8BC9CEB8-8B4A-11D0-8D11-00A0C91BC942}") = "3DESCA", "3DESCA\3DESCA.vcxproj", "{09C40849-7213-4245-AC29-08F40AC8D2A7}"
EndProject
Project("{8BC9CEB8-8B4A-11D0-8D11-00A0C91BC942}") = "3DESCATest", "3DESCATest\3DESCATest.vcxproj", "{8058331C-74C2-447C-85A7-3BD39E995B8A}"
	ProjectSection(ProjectDependencies) = postProject
		{09C40849-7213-4245-AC29-08F40AC8D2A7} = {09C40849-7213-4245-AC29-08F40AC8D2A7}
		{0B70A4A1-9C00-4CEE-8594-0412A25C63C7} = {0B70A4A1-9C00-4CEE-8594-0412A25C63C7}
	EndProjectSection
EndProject
Project("{8BC9CEB8-8B4A-11D0-8D11-00A0C91BC942}") = "gtest", "gtest\gtest.vcxproj", "{0B70A4A1-9C00-4CEE-8594-0412A25C63C7}"
EndProject
Project("{8BC9CEB8-8B4A-11D0-8D11-00A0C91BC942}") = "3DESCA_MPI", "3DESCA_MPI\3DESCA_MPI.vcxproj", "{CB83B931-316C-4073-AF22-333E4AD45141}"
EndProject
Project("{8BC9CEB8-8B4A-11D0-8D11-00A0C91BC942}") = "3DESCA_OMP", "3DESCA_OMP\3DESCA_OMP.vcxproj", "{74AEF74B-4698-449A-8E31-870031DE8B0F}"
EndProject
Project("{8BC9CEB8-8B4A-11D0-8D11-00A0C91BC942}") = "3DESCA_CUDA", "3DESCA_CUDA\3DESCA_CUDA.vcxproj", "{2E2F5181-29CC-4E56-BFC9-CC3BE47078DF}"
EndProject
Global
	GlobalSection(SolutionConfigurationPlatforms) = preSolution
		Debug|x64 = Debug|x64
		Debug|x86 = Debug|x86
		Release|x64 = Release|x64
		Release|x86 = Release|x86
	EndGlobalSection
	GlobalSection(ProjectConfigurationPlatforms) = postSolution
		{09C40849-7213-4245-AC29-08F40AC8D2A7}.Debug|x64.ActiveCfg = Debug|x64
		{09C40849-7213-4245-AC29-08F40AC8D2A7}.Debug|x64.Build.0 = Debug|x64
		{09C40849-7213-4245-AC29-08F40AC8D2A7}.Debug|x86.ActiveCfg = Debug|Win32
		{09C40849-7213-4245-AC29-08F40AC8D2A7}.Debug|x86.Build.0 = Debug|Win32
		{09C40849-7213-4245-AC29-08F40AC8D2A7}.Release|x64.ActiveCfg = Release|x64
		{09C40849-7213-4245-AC29-08F40AC8D2A7}.Release|x64.Build.0 = Release|x64
		{09C40849-7213-4245-AC29-08F40AC8D2A7}.Release|x64.Deploy.0 = Release|x64
		{09C40849-7213-4245-AC29-08F40AC8D2A7}.Release|x86.ActiveCfg = Release|Win32
		{09C40849-7213-4245-AC29-08F40AC8D2A7}.Release|x86.Build.0 = Release|Win32
		{8058331C-74C2-447C-85A7-3BD39E995B8A}.Debug|x64.ActiveCfg = Debug|x64
		{8058331C-74C2-447C-85A7-3BD39E995B8A}.Debug|x64.Build.0 = Debug|x64
		{8058331C-74C2-447C-85A7-3BD39E995B8A}.Debug|x86.ActiveCfg = Debug|Win32
		{8058331C-74C2-447C-85A7-3BD39E995B8A}.Debug|x86.Build.0 = Debug|Win32
		{8058331C-74C2-447C-85A7-3BD39E995B8A}.Release|x64.ActiveCfg = Release|x64
		{8058331C-74C2-447C-85A7-3BD39E995B8A}.Release|x64.Build.0 = Release|x64
		{8058331C-74C2-447C-85A7-3BD39E995B8A}.Release|x86.ActiveCfg = Release|Win32
		{8058331C-74C2-447C-85A7-3BD39E995B8A}.Release|x86.Build.0 = Release|Win32
		{0B70A4A1-9C00-4CEE-8594-0412A25C63C7}.Debug|x64.ActiveCfg = Debug|x64
		{0B70A4A1-9C00-4CEE-8594-0412A25C63C7}.Debug|x64.Build.0 = Debug|x64
		{0B70A4A1-9C00-4CEE-8594-0412A25C63C7}.Debug|x86.ActiveCfg = Debug|Win32
		{0B70A4A1-9C00-4CEE-8594-0412A25C63C7}.Debug|x86.Build.0 = Debug|Win32
		{0B70A4A1-9C00-4CEE-8594-0412A25C63C7}.Release|x64.ActiveCfg = Release|x64
		{0B70A4A1-9C00-4CEE-8594-0412A25C63C7}.Release|x64.Build.0 = Release|x64
		{0B70A4A1-9C00-4CEE-8594-0412A25C63C7}.Release|x86.ActiveCfg = Release|Win32
		{0B70A4A1-9C00-4CEE-8594-0412A25C63C7}.Release|x86.Build.0 = Release|Win32
		{CB83B931-316C-4073-AF22-333E4AD45141}.Debug|x64.ActiveCfg = Debug|x64
		{CB83B931-316C-4073-AF22-333E4AD45141}.Debug|x64.Build.0 = Debug|x64
		{CB83B931-316C-4073-AF22-333E4AD45141}.Debug|x86.ActiveCfg = Debug|Win32
		{CB83B931-316C-4073-AF22-333E4AD45141}.Debug|x86.Build.0 = Debug|Win32
		{CB83B931-316C-4073-AF22-333E4AD45141}.Release|x64.ActiveCfg = Release|x64
		{CB83B931-316C-4073-AF22-333E4AD45141}.Release|x64.Build.0 = Release|x64
		{CB83B931-316C-4073-AF22-333E4AD45141}.Release|x86.ActiveCfg = Release|Win32
		{CB83B931-316C-4073-AF22-333E4AD45141}.Release|x86.Build.0 = Release|Win32
		{74AEF74B-4698-449A-8E31-870031DE8B0F}.Debug|x64.ActiveCfg = Debug|x64
		{74AEF74B-4698-449A-8E31-870031DE8B0F}.Debug|x64.Build.0 = Debug|x64
		{74AEF74B-4698-449A-8E31-870031DE8B0F}.Debug|x86.ActiveCfg = Debug|Win32
		{74AEF74B-4698-449A-8E31-870031DE8B0F}.Debug|x86.Build.0 = Debug|Win32
		{74AEF74B-4698-449A-8E31-870031DE8B0F}.Release|x64.ActiveCfg = Release|x64
		{74AEF74B-4698-449A-8E31-870031DE8B0F}.Release|x64.Build.0 = Release|x64
		{74AEF74B-4698-449A-8E31-870031DE8B0F}.Release|x86.ActiveCfg = Release|Win32
		{74AEF74B-4698-449A-8E31-870031DE8B0F}.Release|x86.Build.0 = Release|Win32
		{2E2F5181-29CC-4E56-BFC9-CC3BE47078DF}.Debug|x64.ActiveCfg = Debug|x64
		{2E2F5181-29CC-4E56-BFC9-CC3BE47078DF}.Debug|x64.Build.0 = Debug|x64
		{2E2F5181-29CC-4E56-BFC9-CC3BE47078DF}.Debug|x86.ActiveCfg = Debug|Win32
		{2E2F5181-29CC-4E56-BFC9-CC3BE47078DF}.Debug|x86.Build.0 = Debug|Win32
		{2E2F5181-29CC-4E56-BFC9-CC3BE47078DF}.Release|x64.ActiveCfg = Release|x64
		{2E2F5181-29CC-4E56-BFC9-CC3BE47078DF}.Release|x64.Build.0 = Release|x64
		{2E2F5181-29CC-4E56-BFC9-CC3BE47078DF}.Release|x86.ActiveCfg = Release|Win32
		{2E2F5181-29CC-4E56-BFC9-CC3BE47078DF}.Release|x86.Build.0 = Release|Win32
	EndGlobalSection
	GlobalSection(SolutionProperties) = preSolution
		HideSolutionNode = FALSE
	EndGlobalSection
EndGlobal
