<?xml version="1.0" encoding="utf-8"?>
<Project ToolsVersion="4.0" xmlns="http://schemas.microsoft.com/developer/msbuild/2003">
  <ItemGroup>
    <Filter Include="3DESCA">
      <UniqueIdentifier>{3a723acd-f2fa-4156-b7e5-9d3d0228bb13}</UniqueIdentifier>
    </Filter>
    <Filter Include="Tests">
      <UniqueIdentifier>{f3032ade-9751-43c3-a338-bce395047593}</UniqueIdentifier>
    </Filter>
  </ItemGroup>
  <ItemGroup>
    <ClCompile Include="Main.cpp" />
    <ClCompile Include="DESTest.cpp">
      <Filter>Tests</Filter>
    </ClCompile>
    <ClCompile Include="..\3DESCA\DES.cpp">
      <Filter>3DESCA</Filter>
    </ClCompile>
    <ClCompile Include="..\3DESCA\TDES.cpp">
      <Filter>3DESCA</Filter>
    </ClCompile>
    <ClCompile Include="TDESTest.cpp">
      <Filter>Tests</Filter>
    </ClCompile>
  </ItemGroup>
</Project>